lockfileVersion: '9.0'

settings:
  autoInstallPeers: true
  excludeLinksFromLockfile: false

importers:

  .:
    devDependencies:
      '@playwright/test':
        specifier: 1.61.0
        version: 1.61.0

packages:

  '@playwright/test@1.61.0':
    resolution: {integrity: sha512-cKA5B6lpFEMyMGjxF54QihfYpB4FkEGH+qZhtArDEG+wezQAJY8Pq6C7T1SjWz+FFzt3TbyoXBQYk/0292TdJA==}
    engines: {node: '>=18'}
    hasBin: true

  fsevents@2.3.2:
    resolution: {integrity: sha512-xiqMQR4xAeHTuB9uWm+fFRcIOgKBMiOBP+eXiyT7jsgVCq1bkVygt00oASowB7EdtpOHaaPgKt812P9ab+DDKA==}
    engines: {node: ^8.16.0 || ^10.6.0 || >=11.0.0}
    os: [darwin]

  playwright-core@1.61.0:
    resolution: {integrity: sha512-caX7TrY3Ml6egyDX0WUcTHDxodl/b51y5wJOdCEA36QviK/s2g081hvmGs8eaE3DWb6NYZQ6BjO/QkNRPenoPA==}
    engines: {node: '>=18'}
    hasBin: true

  playwright@1.61.0:
    resolution: {integrity: sha512-Z+7BeeqQPRRzklHsVFP4KTGIyMxKUmfeRA4WisM6G3/XW6nwGeX6fX9qYaDa+CiUqpOkb2f6X3nar05R3kSuJQ==}
    engines: {node: '>=18'}
    hasBin: true

snapshots:

  '@playwright/test@1.61.0':
    dependencies:
      playwright: 1.61.0

  fsevents@2.3.2:
    optional: true

  playwright-core@1.61.0: {}

  playwright@1.61.0:
    dependencies:
      playwright-core: 1.61.0
    optionalDependencies:
      fsevents: 2.3.2
