name: Lock

# yamllint disable-line rule:truthy
on:
  schedule:
    - cron: "0 * * * *"

permissions: {}

concurrency:
  group: ${{ github.workflow }}
  cancel-in-progress: true

jobs:
  lock:
    name: Lock inactive threads
    if: github.repository_owner == 'home-assistant'
    runs-on: ubuntu-latest
    permissions:
      issues: write # To lock issues
      pull-requests: write # To lock pull requests
    steps:
      - uses: dessant/lock-threads@851cffe46851ddd2051ea7147ebdc995113241c3 # v6.0.1
        with:
          github-token: ${{ github.token }}
          issue-inactive-days: "30"
          exclude-issue-created-before: "2020-10-01T00:00:00Z"
          issue-lock-reason: ""
          pr-inactive-days: "1"
          exclude-pr-created-before: "2020-11-01T00:00:00Z"
          pr-lock-reason: ""
